// !$*UTF8*$!
{
	archiveVersion = 1;
	classes = {
	};
	objectVersion = 56;
	objects = {

/* Begin PBXBuildFile section */
		3A0D56292BAB25210002D98F /* Inventory_ManagerApp.swift in Sources */ = {isa = PBXBuildFile; fileRef = 3A0D56282BAB25210002D98F /* Inventory_ManagerApp.swift */; };
		3A0D562B2BAB25210002D98F /* ContentView.swift in Sources */ = {isa = PBXBuildFile; fileRef = 3A0D562A2BAB25210002D98F /* ContentView.swift */; };
		3A0D562D2BAB25230002D98F /* Assets.xcassets in Resources */ = {isa = PBXBuildFile; fileRef = 3A0D562C2BAB25230002D98F /* Assets.xcassets */; };
		3A0D56302BAB25230002D98F /* Preview Assets.xcassets in Resources */ = {isa = PBXBuildFile; fileRef = 3A0D562F2BAB25230002D98F /* Preview Assets.xcassets */; };
		3A0D56392BAB268E0002D98F /* Realm in Frameworks */ = {isa = PBXBuildFile; productRef = 3A0D56382BAB268E0002D98F /* Realm */; };
		3A0D563B2BAB268E0002D98F /* RealmSwift in Frameworks */ = {isa = PBXBuildFile; productRef = 3A0D563A2BAB268E0002D98F /* RealmSwift */; };
		3A0D563F2BAB286A0002D98F /* InventoryHomeView.swift in Sources */ = {isa = PBXBuildFile; fileRef = 3A0D563E2BAB286A0002D98F /* InventoryHomeView.swift */; };
		3A0D56432BAB28D00002D98F /* InventoryItem.swift in Sources */ = {isa = PBXBuildFile; fileRef = 3A0D56422BAB28D00002D98F /* InventoryItem.swift */; };
		3A0D56452BAB343C0002D98F /* InventoryViewModel.swift in Sources */ = {isa = PBXBuildFile; fileRef = 3A0D56442BAB343C0002D98F /* InventoryViewModel.swift */; };
		3A0D56482BAB34760002D98F /* RealmService.swift in Sources */ = {isa = PBXBuildFile; fileRef = 3A0D56472BAB34760002D98F /* RealmService.swift */; };
		3A0D564A2BAB397B0002D98F /* ImageService.swift in Sources */ = {isa = PBXBuildFile; fileRef = 3A0D56492BAB397B0002D98F /* ImageService.swift */; };
		3A0D564C2BAB6A670002D98F /* AddNewItemView.swift in Sources */ = {isa = PBXBuildFile; fileRef = 3A0D564B2BAB6A670002D98F /* AddNewItemView.swift */; };
/* End PBXBuildFile section */

/* Begin PBXFileReference section */
		3A0D56252BAB25210002D98F /* Inventory Manager.app */ = {isa = PBXFileReference; explicitFileType = wrapper.application; includeInIndex = 0; path = "Inventory Manager.app"; sourceTree = BUILT_PRODUCTS_DIR; };
		3A0D56282BAB25210002D98F /* Inventory_ManagerApp.swift */ = {isa = PBXFileReference; lastKnownFileType = sourcecode.swift; path = Inventory_ManagerApp.swift; sourceTree = "<group>"; };
		3A0D562A2BAB25210002D98F /* ContentView.swift */ = {isa = PBXFileReference; lastKnownFileType = sourcecode.swift; path = ContentView.swift; sourceTree = "<group>"; };
		3A0D562C2BAB25230002D98F /* Assets.xcassets */ = {isa = PBXFileReference; lastKnownFileType = folder.assetcatalog; path = Assets.xcassets; sourceTree = "<group>"; };
		3A0D562F2BAB25230002D98F /* Preview Assets.xcassets */ = {isa = PBXFileReference; lastKnownFileType = folder.assetcatalog; path = "Preview Assets.xcassets"; sourceTree = "<group>"; };
		3A0D563E2BAB286A0002D98F /* InventoryHomeView.swift */ = {isa = PBXFileReference; lastKnownFileType = sourcecode.swift; path = InventoryHomeView.swift; sourceTree = "<group>"; };
		3A0D56422BAB28D00002D98F /* InventoryItem.swift */ = {isa = PBXFileReference; lastKnownFileType = sourcecode.swift; path = InventoryItem.swift; sourceTree = "<group>"; };
		3A0D56442BAB343C0002D98F /* InventoryViewModel.swift */ = {isa = PBXFileReference; lastKnownFileType = sourcecode.swift; path = InventoryViewModel.swift; sourceTree = "<group>"; };
		3A0D56472BAB34760002D98F /* RealmService.swift */ = {isa = PBXFileReference; lastKnownFileType = sourcecode.swift; path = RealmService.swift; sourceTree = "<group>"; };
		3A0D56492BAB397B0002D98F /* ImageService.swift */ = {isa = PBXFileReference; lastKnownFileType = sourcecode.swift; path = ImageService.swift; sourceTree = "<group>"; };
		3A0D564B2BAB6A670002D98F /* AddNewItemView.swift */ = {isa = PBXFileReference; lastKnownFileType = sourcecode.swift; path = AddNewItemView.swift; sourceTree = "<group>"; };
		3A6A9DA22BAC244700982BFA /* Inventory-Manager-Info.plist */ = {isa = PBXFileReference; lastKnownFileType = text.plist; path = "Inventory-Manager-Info.plist"; sourceTree = SOURCE_ROOT; };
/* End PBXFileReference section */

/* Begin PBXFrameworksBuildPhase section */
		3A0D56222BAB25210002D98F /* Frameworks */ = {
			isa = PBXFrameworksBuildPhase;
			buildActionMask = 2147483647;
			files = (
				3A0D563B2BAB268E0002D98F /* RealmSwift in Frameworks */,
				3A0D56392BAB268E0002D98F /* Realm in Frameworks */,
			);
			runOnlyForDeploymentPostprocessing = 0;
		};
/* End PBXFrameworksBuildPhase section */

/* Begin PBXGroup section */
		3A0D561C2BAB25210002D98F = {
			isa = PBXGroup;
			children = (
				3A0D56272BAB25210002D98F /* Inventory Manager */,
				3A0D56262BAB25210002D98F /* Products */,
			);
			sourceTree = "<group>";
		};
		3A0D56262BAB25210002D98F /* Products */ = {
			isa = PBXGroup;
			children = (
				3A0D56252BAB25210002D98F /* Inventory Manager.app */,
			);
			name = Products;
			sourceTree = "<group>";
		};
		3A0D56272BAB25210002D98F /* Inventory Manager */ = {
			isa = PBXGroup;
			children = (
				3A6A9DA22BAC244700982BFA /* Inventory-Manager-Info.plist */,
				3A0D56462BAB34670002D98F /* Service */,
				3A0D56412BAB28BC0002D98F /* Models */,
				3A0D56402BAB28740002D98F /* View Model */,
				3A0D563D2BAB28350002D98F /* UI Views */,
				3A0D563C2BAB282C0002D98F /* App */,
				3A0D562C2BAB25230002D98F /* Assets.xcassets */,
				3A0D562E2BAB25230002D98F /* Preview Content */,
			);
			path = "Inventory Manager";
			sourceTree = "<group>";
		};
		3A0D562E2BAB25230002D98F /* Preview Content */ = {
			isa = PBXGroup;
			children = (
				3A0D562F2BAB25230002D98F /* Preview Assets.xcassets */,
			);
			path = "Preview Content";
			sourceTree = "<group>";
		};
		3A0D563C2BAB282C0002D98F /* App */ = {
			isa = PBXGroup;
			children = (
				3A0D56282BAB25210002D98F /* Inventory_ManagerApp.swift */,
			);
			path = App;
			sourceTree = "<group>";
		};
		3A0D563D2BAB28350002D98F /* UI Views */ = {
			isa = PBXGroup;
			children = (
				3A0D562A2BAB25210002D98F /* ContentView.swift */,
				3A0D563E2BAB286A0002D98F /* InventoryHomeView.swift */,
				3A0D564B2BAB6A670002D98F /* AddNewItemView.swift */,
			);
			path = "UI Views";
			sourceTree = "<group>";
		};
		3A0D56402BAB28740002D98F /* View Model */ = {
			isa = PBXGroup;
			children = (
				3A0D56442BAB343C0002D98F /* InventoryViewModel.swift */,
			);
			path = "View Model";
			sourceTree = "<group>";
		};
		3A0D56412BAB28BC0002D98F /* Models */ = {
			isa = PBXGroup;
			children = (
				3A0D56422BAB28D00002D98F /* InventoryItem.swift */,
			);
			path = Models;
			sourceTree = "<group>";
		};
		3A0D56462BAB34670002D98F /* Service */ = {
			isa = PBXGroup;
			children = (
				3A0D56472BAB34760002D98F /* RealmService.swift */,
				3A0D56492BAB397B0002D98F /* ImageService.swift */,
			);
			path = Service;
			sourceTree = "<group>";
		};
/* End PBXGroup section */

/* Begin PBXNativeTarget section */
		3A0D56242BAB25210002D98F /* Inventory Manager */ = {
			isa = PBXNativeTarget;
			buildConfigurationList = 3A0D56332BAB25230002D98F /* Build configuration list for PBXNativeTarget "Inventory Manager" */;
			buildPhases = (
				3A0D56212BAB25210002D98F /* Sources */,
				3A0D56222BAB25210002D98F /* Frameworks */,
				3A0D56232BAB25210002D98F /* Resources */,
			);
			buildRules = (
			);
			dependencies = (
			);
			name = "Inventory Manager";
			packageProductDependencies = (
				3A0D56382BAB268E0002D98F /* Realm */,
				3A0D563A2BAB268E0002D98F /* RealmSwift */,
			);
			productName = "Inventory Manager";
			productReference = 3A0D56252BAB25210002D98F /* Inventory Manager.app */;
			productType = "com.apple.product-type.application";
		};
/* End PBXNativeTarget section */

/* Begin PBXProject section */
		3A0D561D2BAB25210002D98F /* Project object */ = {
			isa = PBXProject;
			attributes = {
				BuildIndependentTargetsInParallel = 1;
				LastSwiftUpdateCheck = 1520;
				LastUpgradeCheck = 1520;
				TargetAttributes = {
					3A0D56242BAB25210002D98F = {
						CreatedOnToolsVersion = 15.2;
					};
				};
			};
			buildConfigurationList = 3A0D56202BAB25210002D98F /* Build configuration list for PBXProject "Inventory Manager" */;
			compatibilityVersion = "Xcode 14.0";
			developmentRegion = en;
			hasScannedForEncodings = 0;
			knownRegions = (
				en,
				Base,
			);
			mainGroup = 3A0D561C2BAB25210002D98F;
			packageReferences = (
				3A0D56372BAB268E0002D98F /* XCRemoteSwiftPackageReference "realm-swift" */,
			);
			productRefGroup = 3A0D56262BAB25210002D98F /* Products */;
			projectDirPath = "";
			projectRoot = "";
			targets = (
				3A0D56242BAB25210002D98F /* Inventory Manager */,
			);
		};
/* End PBXProject section */

/* Begin PBXResourcesBuildPhase section */
		3A0D56232BAB25210002D98F /* Resources */ = {
			isa = PBXResourcesBuildPhase;
			buildActionMask = 2147483647;
			files = (
				3A0D56302BAB25230002D98F /* Preview Assets.xcassets in Resources */,
				3A0D562D2BAB25230002D98F /* Assets.xcassets in Resources */,
			);
			runOnlyForDeploymentPostprocessing = 0;
		};
/* End PBXResourcesBuildPhase section */

/* Begin PBXSourcesBuildPhase section */
		3A0D56212BAB25210002D98F /* Sources */ = {
			isa = PBXSourcesBuildPhase;
			buildActionMask = 2147483647;
			files = (
				3A0D56452BAB343C0002D98F /* InventoryViewModel.swift in Sources */,
				3A0D56482BAB34760002D98F /* RealmService.swift in Sources */,
				3A0D562B2BAB25210002D98F /* ContentView.swift in Sources */,
				3A0D563F2BAB286A0002D98F /* InventoryHomeView.swift in Sources */,
				3A0D564C2BAB6A670002D98F /* AddNewItemView.swift in Sources */,
				3A0D56292BAB25210002D98F /* Inventory_ManagerApp.swift in Sources */,
				3A0D56432BAB28D00002D98F /* InventoryItem.swift in Sources */,
				3A0D564A2BAB397B0002D98F /* ImageService.swift in Sources */,
			);
			runOnlyForDeploymentPostprocessing = 0;
		};
/* End PBXSourcesBuildPhase section */

/* Begin XCBuildConfiguration section */
		3A0D56312BAB25230002D98F /* Debug */ = {
			isa = XCBuildConfiguration;
			buildSettings = {
				ALWAYS_SEARCH_USER_PATHS = NO;
				ASSETCATALOG_COMPILER_GENERATE_SWIFT_ASSET_SYMBOL_EXTENSIONS = YES;
				CLANG_ANALYZER_NONNULL = YES;
				CLANG_ANALYZER_NUMBER_OBJECT_CONVERSION = YES_AGGRESSIVE;
				CLANG_CXX_LANGUAGE_STANDARD = "gnu++20";
				CLANG_ENABLE_MODULES = YES;
				CLANG_ENABLE_OBJC_ARC = YES;
				CLANG_ENABLE_OBJC_WEAK = YES;
				CLANG_WARN_BLOCK_CAPTURE_AUTORELEASING = YES;
				CLANG_WARN_BOOL_CONVERSION = YES;
				CLANG_WARN_COMMA = YES;
				CLANG_WARN_CONSTANT_CONVERSION = YES;
				CLANG_WARN_DEPRECATED_OBJC_IMPLEMENTATIONS = YES;
				CLANG_WARN_DIRECT_OBJC_ISA_USAGE = YES_ERROR;
				CLANG_WARN_DOCUMENTATION_COMMENTS = YES;
				CLANG_WARN_EMPTY_BODY = YES;
				CLANG_WARN_ENUM_CONVERSION = YES;
				CLANG_WARN_INFINITE_RECURSION = YES;
				CLANG_WARN_INT_CONVERSION = YES;
				CLANG_WARN_NON_LITERAL_NULL_CONVERSION = YES;
				CLANG_WARN_OBJC_IMPLICIT_RETAIN_SELF = YES;
				CLANG_WARN_OBJC_LITERAL_CONVERSION = YES;
				CLANG_WARN_OBJC_ROOT_CLASS = YES_ERROR;
				CLANG_WARN_QUOTED_INCLUDE_IN_FRAMEWORK_HEADER = YES;
				CLANG_WARN_RANGE_LOOP_ANALYSIS = YES;
				CLANG_WARN_STRICT_PROTOTYPES = YES;
				CLANG_WARN_SUSPICIOUS_MOVE = YES;
				CLANG_WARN_UNGUARDED_AVAILABILITY = YES_AGGRESSIVE;
				CLANG_WARN_UNREACHABLE_CODE = YES;
				CLANG_WARN__DUPLICATE_METHOD_MATCH = YES;
				COPY_PHASE_STRIP = NO;
				DEBUG_INFORMATION_FORMAT = dwarf;
				ENABLE_STRICT_OBJC_MSGSEND = YES;
				ENABLE_TESTABILITY = YES;
				ENABLE_USER_SCRIPT_SANDBOXING = YES;
				GCC_C_LANGUAGE_STANDARD = gnu17;
				GCC_DYNAMIC_NO_PIC = NO;
				GCC_NO_COMMON_BLOCKS = YES;
				GCC_OPTIMIZATION_LEVEL = 0;
				GCC_PREPROCESSOR_DEFINITIONS = (
					"DEBUG=1",
					"$(inherited)",
				);
				GCC_WARN_64_TO_32_BIT_CONVERSION = YES;
				GCC_WARN_ABOUT_RETURN_TYPE = YES_ERROR;
				GCC_WARN_UNDECLARED_SELECTOR = YES;
				GCC_WARN_UNINITIALIZED_AUTOS = YES_AGGRESSIVE;
				GCC_WARN_UNUSED_FUNCTION = YES;
				GCC_WARN_UNUSED_VARIABLE = YES;
				IPHONEOS_DEPLOYMENT_TARGET = 17.2;
				LOCALIZATION_PREFERS_STRING_CATALOGS = YES;
				MTL_ENABLE_DEBUG_INFO = INCLUDE_SOURCE;
				MTL_FAST_MATH = YES;
				ONLY_ACTIVE_ARCH = YES;
				SDKROOT = iphoneos;
				SWIFT_ACTIVE_COMPILATION_CONDITIONS = "DEBUG $(inherited)";
				SWIFT_OPTIMIZATION_LEVEL = "-Onone";
			};
			name = Debug;
		};
		3A0D56322BAB25230002D98F /* Release */ = {
			isa = XCBuildConfiguration;
			buildSettings = {
				ALWAYS_SEARCH_USER_PATHS = NO;
				ASSETCATALOG_COMPILER_GENERATE_SWIFT_ASSET_SYMBOL_EXTENSIONS = YES;
				CLANG_ANALYZER_NONNULL = YES;
				CLANG_ANALYZER_NUMBER_OBJECT_CONVERSION = YES_AGGRESSIVE;
				CLANG_CXX_LANGUAGE_STANDARD = "gnu++20";
				CLANG_ENABLE_MODULES = YES;
				CLANG_ENABLE_OBJC_ARC = YES;
				CLANG_ENABLE_OBJC_WEAK = YES;
				CLANG_WARN_BLOCK_CAPTURE_AUTORELEASING = YES;
				CLANG_WARN_BOOL_CONVERSION = YES;
				CLANG_WARN_COMMA = YES;
				CLANG_WARN_CONSTANT_CONVERSION = YES;
				CLANG_WARN_DEPRECATED_OBJC_IMPLEMENTATIONS = YES;
				CLANG_WARN_DIRECT_OBJC_ISA_USAGE = YES_ERROR;
				CLANG_WARN_DOCUMENTATION_COMMENTS = YES;
				CLANG_WARN_EMPTY_BODY = YES;
				CLANG_WARN_ENUM_CONVERSION = YES;
				CLANG_WARN_INFINITE_RECURSION = YES;
				CLANG_WARN_INT_CONVERSION = YES;
				CLANG_WARN_NON_LITERAL_NULL_CONVERSION = YES;
				CLANG_WARN_OBJC_IMPLICIT_RETAIN_SELF = YES;
				CLANG_WARN_OBJC_LITERAL_CONVERSION = YES;
				CLANG_WARN_OBJC_ROOT_CLASS = YES_ERROR;
				CLANG_WARN_QUOTED_INCLUDE_IN_FRAMEWORK_HEADER = YES;
				CLANG_WARN_RANGE_LOOP_ANALYSIS = YES;
				CLANG_WARN_STRICT_PROTOTYPES = YES;
				CLANG_WARN_SUSPICIOUS_MOVE = YES;
				CLANG_WARN_UNGUARDED_AVAILABILITY = YES_AGGRESSIVE;
				CLANG_WARN_UNREACHABLE_CODE = YES;
				CLANG_WARN__DUPLICATE_METHOD_MATCH = YES;
				COPY_PHASE_STRIP = NO;
				DEBUG_INFORMATION_FORMAT = "dwarf-with-dsym";
				ENABLE_NS_ASSERTIONS = NO;
				ENABLE_STRICT_OBJC_MSGSEND = YES;
				ENABLE_USER_SCRIPT_SANDBOXING = YES;
				GCC_C_LANGUAGE_STANDARD = gnu17;
				GCC_NO_COMMON_BLOCKS = YES;
				GCC_WARN_64_TO_32_BIT_CONVERSION = YES;
				GCC_WARN_ABOUT_RETURN_TYPE = YES_ERROR;
				GCC_WARN_UNDECLARED_SELECTOR = YES;
				GCC_WARN_UNINITIALIZED_AUTOS = YES_AGGRESSIVE;
				GCC_WARN_UNUSED_FUNCTION = YES;
				GCC_WARN_UNUSED_VARIABLE = YES;
				IPHONEOS_DEPLOYMENT_TARGET = 17.2;
				LOCALIZATION_PREFERS_STRING_CATALOGS = YES;
				MTL_ENABLE_DEBUG_INFO = NO;
				MTL_FAST_MATH = YES;
				SDKROOT = iphoneos;
				SWIFT_COMPILATION_MODE = wholemodule;
				VALIDATE_PRODUCT = YES;
			};
			name = Release;
		};
		3A0D56342BAB25230002D98F /* Debug */ = {
			isa = XCBuildConfiguration;
			buildSettings = {
				ASSETCATALOG_COMPILER_APPICON_NAME = AppIcon;
				ASSETCATALOG_COMPILER_GLOBAL_ACCENT_COLOR_NAME = AccentColor;
				CODE_SIGN_STYLE = Automatic;
				CURRENT_PROJECT_VERSION = 1;
				DEVELOPMENT_ASSET_PATHS = "\"Inventory Manager/Preview Content\"";
				DEVELOPMENT_TEAM = XH59WBH75H;
				ENABLE_PREVIEWS = YES;
				GENERATE_INFOPLIST_FILE = YES;
				INFOPLIST_FILE = "Inventory-Manager-Info.plist";
				INFOPLIST_KEY_UIApplicationSceneManifest_Generation = YES;
				INFOPLIST_KEY_UIApplicationSupportsIndirectInputEvents = YES;
				INFOPLIST_KEY_UILaunchScreen_Generation = YES;
				INFOPLIST_KEY_UISupportedInterfaceOrientations_iPad = "UIInterfaceOrientationPortrait UIInterfaceOrientationPortraitUpsideDown UIInterfaceOrientationLandscapeLeft UIInterfaceOrientationLandscapeRight";
				INFOPLIST_KEY_UISupportedInterfaceOrientations_iPhone = "UIInterfaceOrientationPortrait UIInterfaceOrientationLandscapeLeft UIInterfaceOrientationLandscapeRight";
				LD_RUNPATH_SEARCH_PATHS = (
					"$(inherited)",
					"@executable_path/Frameworks",
				);
				MARKETING_VERSION = 1.0;
				PRODUCT_BUNDLE_IDENTIFIER = "com.hurs.Inventory-Manager";
				PRODUCT_NAME = "$(TARGET_NAME)";
				SWIFT_EMIT_LOC_STRINGS = YES;
				SWIFT_VERSION = 5.0;
				TARGETED_DEVICE_FAMILY = "1,2";
			};
			name = Debug;
		};
		3A0D56352BAB25230002D98F /* Release */ = {
			isa = XCBuildConfiguration;
			buildSettings = {
				ASSETCATALOG_COMPILER_APPICON_NAME = AppIcon;
				ASSETCATALOG_COMPILER_GLOBAL_ACCENT_COLOR_NAME = AccentColor;
				CODE_SIGN_STYLE = Automatic;
				CURRENT_PROJECT_VERSION = 1;
				DEVELOPMENT_ASSET_PATHS = "\"Inventory Manager/Preview Content\"";
				DEVELOPMENT_TEAM = XH59WBH75H;
				ENABLE_PREVIEWS = YES;
				GENERATE_INFOPLIST_FILE = YES;
				INFOPLIST_FILE = "Inventory-Manager-Info.plist";
				INFOPLIST_KEY_UIApplicationSceneManifest_Generation = YES;
				INFOPLIST_KEY_UIApplicationSupportsIndirectInputEvents = YES;
				INFOPLIST_KEY_UILaunchScreen_Generation = YES;
				INFOPLIST_KEY_UISupportedInterfaceOrientations_iPad = "UIInterfaceOrientationPortrait UIInterfaceOrientationPortraitUpsideDown UIInterfaceOrientationLandscapeLeft UIInterfaceOrientationLandscapeRight";
				INFOPLIST_KEY_UISupportedInterfaceOrientations_iPhone = "UIInterfaceOrientationPortrait UIInterfaceOrientationLandscapeLeft UIInterfaceOrientationLandscapeRight";
				LD_RUNPATH_SEARCH_PATHS = (
					"$(inherited)",
					"@executable_path/Frameworks",
				);
				MARKETING_VERSION = 1.0;
				PRODUCT_BUNDLE_IDENTIFIER = "com.hurs.Inventory-Manager";
				PRODUCT_NAME = "$(TARGET_NAME)";
				SWIFT_EMIT_LOC_STRINGS = YES;
				SWIFT_VERSION = 5.0;
				TARGETED_DEVICE_FAMILY = "1,2";
			};
			name = Release;
		};
/* End XCBuildConfiguration section */

/* Begin XCConfigurationList section */
		3A0D56202BAB25210002D98F /* Build configuration list for PBXProject "Inventory Manager" */ = {
			isa = XCConfigurationList;
			buildConfigurations = (
				3A0D56312BAB25230002D98F /* Debug */,
				3A0D56322BAB25230002D98F /* Release */,
			);
			defaultConfigurationIsVisible = 0;
			defaultConfigurationName = Release;
		};
		3A0D56332BAB25230002D98F /* Build configuration list for PBXNativeTarget "Inventory Manager" */ = {
			isa = XCConfigurationList;
			buildConfigurations = (
				3A0D56342BAB25230002D98F /* Debug */,
				3A0D56352BAB25230002D98F /* Release */,
			);
			defaultConfigurationIsVisible = 0;
			defaultConfigurationName = Release;
		};
/* End XCConfigurationList section */

/* Begin XCRemoteSwiftPackageReference section */
		3A0D56372BAB268E0002D98F /* XCRemoteSwiftPackageReference "realm-swift" */ = {
			isa = XCRemoteSwiftPackageReference;
			repositoryURL = "https://github.com/realm/realm-swift.git";
			requirement = {
				kind = upToNextMajorVersion;
				minimumVersion = 10.48.1;
			};
		};
/* End XCRemoteSwiftPackageReference section */

/* Begin XCSwiftPackageProductDependency section */
		3A0D56382BAB268E0002D98F /* Realm */ = {
			isa = XCSwiftPackageProductDependency;
			package = 3A0D56372BAB268E0002D98F /* XCRemoteSwiftPackageReference "realm-swift" */;
			productName = Realm;
		};
		3A0D563A2BAB268E0002D98F /* RealmSwift */ = {
			isa = XCSwiftPackageProductDependency;
			package = 3A0D56372BAB268E0002D98F /* XCRemoteSwiftPackageReference "realm-swift" */;
			productName = RealmSwift;
		};
/* End XCSwiftPackageProductDependency section */
	};
	rootObject = 3A0D561D2BAB25210002D98F /* Project object */;
}
